uuid: df9dc186-6bdf-459d-b763-0afc843c8022
langcode: en
status: true
dependencies:
  module:
    - dct_seo
  theme:
    - dct_theme
id: social_share_block
theme: dct_theme
region: content
weight: 0
provider: null
plugin: social_share
settings:
  id: social_share
  label: 'Social Share Block'
  provider: dct_seo
  label_display: '0'
visibility: {  }
