uuid: 29e11970-c743-4758-9b2e-6d212470445d
langcode: en
status: true
dependencies:
  module:
    - dct_homepage
  theme:
    - dct_theme
id: diamond_sponsors_block
theme: dct_theme
region: footer
weight: -4
provider: null
plugin: diamond_sponsors_block
settings:
  id: diamond_sponsors_block
  label: 'Diamond Sponsors Block'
  provider: dct_homepage
  label_display: '0'
visibility: {  }
