uuid: 54a59c08-d0c6-4f1e-b3ca-9d966c6f4ac4
langcode: en
status: true
dependencies:
  module:
    - dct_homepage
    - system
  theme:
    - dct_theme
id: homepageinformationblock
theme: dct_theme
region: intro
weight: -1
provider: null
plugin: homepage_information_block
settings:
  id: homepage_information_block
  label: 'Homepage Information Block'
  provider: dct_homepage
  label_display: '0'
visibility:
  request_path:
    id: request_path
    pages: '<front>'
    negate: false
    context_mapping: {  }
